<Solution>
  <Folder Name="/src/">
    <Project Path="src/NotificationService.Api/NotificationService.Api.csproj" />
    <Project Path="src/NotificationService.Core/NotificationService.Core.csproj" />
    <Project Path="src/NotificationService.Infrastructure/NotificationService.Infrastructure.csproj" />
  </Folder>
  <Folder Name="/tests/">
    <Project Path="tests/NotificationService.IntegrationTests/NotificationService.IntegrationTests.csproj" />
    <Project Path="tests/NotificationService.UnitTests/NotificationService.UnitTests.csproj" />
  </Folder>
</Solution>
